// !$*UTF8*$!
{
	archiveVersion = 1;
	classes = {
	};
	objectVersion = 56;
	objects = {

/* Begin PBXBuildFile section */
		58232BB92B9725BE0030E891 /* main.cpp in Sources */ = {isa = PBXBuildFile; fileRef = 58232BB82B9725BE0030E891 /* main.cpp */; };
		58232BCE2B972B870030E891 /* OpenGL.framework in Frameworks */ = {isa = PBXBuildFile; fileRef = 58232BC02B9726230030E891 /* OpenGL.framework */; };
		5829B6EB2B9E135A00229EC9 /* glad.c in Sources */ = {isa = PBXBuildFile; fileRef = 5829B6EA2B9E135A00229EC9 /* glad.c */; };
		5829B6FA2BA9F37300229EC9 /* stb_image.h in Sources */ = {isa = PBXBuildFile; fileRef = 5829B6F72BA5AE0500229EC9 /* stb_image.h */; };
		5829B6FC2BA9F40600229EC9 /* stb_image.cpp in Sources */ = {isa = PBXBuildFile; fileRef = 5829B6FB2BA9F40600229EC9 /* stb_image.cpp */; };
		5829B74F2BC681CB00229EC9 /* flecs.c in Sources */ = {isa = PBXBuildFile; fileRef = 5829B74E2BC681CB00229EC9 /* flecs.c */; };
		5829B7A32BD5B78F00229EC9 /* imgui_widgets.cpp in Sources */ = {isa = PBXBuildFile; fileRef = 5829B7942BD5B78E00229EC9 /* imgui_widgets.cpp */; };
		5829B7A42BD5B78F00229EC9 /* imgui_impl_opengl3.cpp in Sources */ = {isa = PBXBuildFile; fileRef = 5829B7972BD5B78E00229EC9 /* imgui_impl_opengl3.cpp */; };
		5829B7A52BD5B78F00229EC9 /* imgui_tables.cpp in Sources */ = {isa = PBXBuildFile; fileRef = 5829B79A2BD5B78E00229EC9 /* imgui_tables.cpp */; };
		5829B7A62BD5B78F00229EC9 /* imgui_draw.cpp in Sources */ = {isa = PBXBuildFile; fileRef = 5829B7A02BD5B78F00229EC9 /* imgui_draw.cpp */; };
		5829B7A72BD5B78F00229EC9 /* imgui_demo.cpp in Sources */ = {isa = PBXBuildFile; fileRef = 5829B7A12BD5B78F00229EC9 /* imgui_demo.cpp */; };
		5829B7A82BD5B78F00229EC9 /* imgui.cpp in Sources */ = {isa = PBXBuildFile; fileRef = 5829B7A22BD5B78F00229EC9 /* imgui.cpp */; };
		5829B7AA2BD5B83400229EC9 /* imgui_impl_glfw.h in Sources */ = {isa = PBXBuildFile; fileRef = 5829B7A92BD5B80200229EC9 /* imgui_impl_glfw.h */; };
		5829B7AC2BD5B86000229EC9 /* imgui_impl_glfw.cpp in Sources */ = {isa = PBXBuildFile; fileRef = 5829B7AB2BD5B86000229EC9 /* imgui_impl_glfw.cpp */; };
		584B1A0E2BE7F5A600F044FB /* libglfw.3.4.dylib in Frameworks */ = {isa = PBXBuildFile; fileRef = 584B1A0D2BE7F5A600F044FB /* libglfw.3.4.dylib */; };
		584B1A122BE7F66F00F044FB /* libglfw.3.4.dylib in Embed Libraries */ = {isa = PBXBuildFile; fileRef = 584B1A0D2BE7F5A600F044FB /* libglfw.3.4.dylib */; settings = {ATTRIBUTES = (CodeSignOnCopy, ); }; };
		58BB6CA82BE8510C0019D746 /* voxel.cpp in Sources */ = {isa = PBXBuildFile; fileRef = 58BB6CA62BE8510C0019D746 /* voxel.cpp */; };
		58BB6CC62BF186560019D746 /* chunk.cpp in Sources */ = {isa = PBXBuildFile; fileRef = 58BB6CC42BF186560019D746 /* chunk.cpp */; };
		58BB6CC92BF1870E0019D746 /* octree.cpp in Sources */ = {isa = PBXBuildFile; fileRef = 58BB6CC72BF1870E0019D746 /* octree.cpp */; };
		58BB6CCE2BF190F30019D746 /* world.cpp in Sources */ = {isa = PBXBuildFile; fileRef = 58BB6CCC2BF190F30019D746 /* world.cpp */; };
		58BB6CD42BF192260019D746 /* terrain.cpp in Sources */ = {isa = PBXBuildFile; fileRef = 58BB6CD22BF192260019D746 /* terrain.cpp */; };
		58BB6CDB2BF196250019D746 /* view.cpp in Sources */ = {isa = PBXBuildFile; fileRef = 58BB6CD92BF196250019D746 /* view.cpp */; };
		58BB6CE22BF199590019D746 /* model.cpp in Sources */ = {isa = PBXBuildFile; fileRef = 58BB6CE02BF199590019D746 /* model.cpp */; };
		58BB6CE52BF19D090019D746 /* billboard.cpp in Sources */ = {isa = PBXBuildFile; fileRef = 58BB6CE32BF19D090019D746 /* billboard.cpp */; };
		58BB6CEE2BF440460019D746 /* shader.cpp in Sources */ = {isa = PBXBuildFile; fileRef = 58BB6CEC2BF440460019D746 /* shader.cpp */; };
		58FFF6792BF64C4200FD39D9 /* libGLEW.2.1.0.dylib in Frameworks */ = {isa = PBXBuildFile; fileRef = 58FFF6782BF64C4200FD39D9 /* libGLEW.2.1.0.dylib */; };
		58FFF67B2BF64D4600FD39D9 /* libboost_serialization.a in Frameworks */ = {isa = PBXBuildFile; fileRef = 58FFF67A2BF64D4600FD39D9 /* libboost_serialization.a */; };
		58FFF67D2BF64D6800FD39D9 /* libboost_filesystem.a in Frameworks */ = {isa = PBXBuildFile; fileRef = 58FFF67C2BF64D6800FD39D9 /* libboost_filesystem.a */; };
		58FFF67E2BF7245300FD39D9 /* color.h in Sources */ = {isa = PBXBuildFile; fileRef = 58BB6CCB2BF18F950019D746 /* color.h */; };
		58FFF67F2BF7245300FD39D9 /* ease.h in Sources */ = {isa = PBXBuildFile; fileRef = 58BB6CD52BF193080019D746 /* ease.h */; };
		58FFF6842BF7E6C000FD39D9 /* picker.cpp in Sources */ = {isa = PBXBuildFile; fileRef = 58FFF6822BF7E6C000FD39D9 /* picker.cpp */; };
		58FFF6872BF7E7D900FD39D9 /* plant.cpp in Sources */ = {isa = PBXBuildFile; fileRef = 58FFF6852BF7E7D900FD39D9 /* plant.cpp */; };
		58FFF68B2BF7E7E500FD39D9 /* drop.cpp in Sources */ = {isa = PBXBuildFile; fileRef = 58FFF6892BF7E7E500FD39D9 /* drop.cpp */; };
/* End PBXBuildFile section */

/* Begin PBXCopyFilesBuildPhase section */
		58232BB32B9725BE0030E891 /* CopyFiles */ = {
			isa = PBXCopyFilesBuildPhase;
			buildActionMask = 2147483647;
			dstPath = /usr/share/man/man1/;
			dstSubfolderSpec = 0;
			files = (
			);
			runOnlyForDeploymentPostprocessing = 1;
		};
		58232BD42B972C450030E891 /* Embed Libraries */ = {
			isa = PBXCopyFilesBuildPhase;
			buildActionMask = 2147483647;
			dstPath = "";
			dstSubfolderSpec = 10;
			files = (
				584B1A122BE7F66F00F044FB /* libglfw.3.4.dylib in Embed Libraries */,
			);
			name = "Embed Libraries";
			runOnlyForDeploymentPostprocessing = 0;
		};
/* End PBXCopyFilesBuildPhase section */

/* Begin PBXFileReference section */
		58232BB52B9725BE0030E891 /* game_engine */ = {isa = PBXFileReference; explicitFileType = "compiled.mach-o.executable"; includeInIndex = 0; path = game_engine; sourceTree = BUILT_PRODUCTS_DIR; };
		58232BB82B9725BE0030E891 /* main.cpp */ = {isa = PBXFileReference; lastKnownFileType = sourcecode.cpp.cpp; path = main.cpp; sourceTree = "<group>"; };
		58232BC02B9726230030E891 /* OpenGL.framework */ = {isa = PBXFileReference; lastKnownFileType = wrapper.framework; name = OpenGL.framework; path = System/Library/Frameworks/OpenGL.framework; sourceTree = SDKROOT; };
		58232BD22B972C1B0030E891 /* game_engine.entitlements */ = {isa = PBXFileReference; lastKnownFileType = text.plist.entitlements; path = game_engine.entitlements; sourceTree = "<group>"; };
		5829B6EA2B9E135A00229EC9 /* glad.c */ = {isa = PBXFileReference; fileEncoding = 4; lastKnownFileType = sourcecode.c.c; path = glad.c; sourceTree = "<group>"; };
		5829B6F02B9E177700229EC9 /* shader.hpp */ = {isa = PBXFileReference; lastKnownFileType = sourcecode.cpp.h; path = shader.hpp; sourceTree = "<group>"; };
		5829B6F22B9E189C00229EC9 /* shader.vs */ = {isa = PBXFileReference; lastKnownFileType = sourcecode.glsl; path = shader.vs; sourceTree = "<group>"; };
		5829B6F32B9E18CC00229EC9 /* shader.fs */ = {isa = PBXFileReference; lastKnownFileType = sourcecode.glsl; path = shader.fs; sourceTree = "<group>"; };
		5829B6F62BA5AE0500229EC9 /* container.jpg */ = {isa = PBXFileReference; lastKnownFileType = image.jpeg; path = container.jpg; sourceTree = "<group>"; };
		5829B6F72BA5AE0500229EC9 /* stb_image.h */ = {isa = PBXFileReference; fileEncoding = 4; lastKnownFileType = sourcecode.c.h; path = stb_image.h; sourceTree = "<group>"; };
		5829B6FB2BA9F40600229EC9 /* stb_image.cpp */ = {isa = PBXFileReference; lastKnownFileType = sourcecode.cpp.cpp; path = stb_image.cpp; sourceTree = "<group>"; };
		5829B6FE2BA9FB0700229EC9 /* camera.hpp */ = {isa = PBXFileReference; lastKnownFileType = sourcecode.cpp.h; path = camera.hpp; sourceTree = "<group>"; };
		5829B6FF2BAB314B00229EC9 /* basic_lighting.vs */ = {isa = PBXFileReference; lastKnownFileType = sourcecode.glsl; path = basic_lighting.vs; sourceTree = "<group>"; };
		5829B7012BAB315E00229EC9 /* basic_lighting.fs */ = {isa = PBXFileReference; lastKnownFileType = sourcecode.glsl; path = basic_lighting.fs; sourceTree = "<group>"; };
		5829B7022BAB31B600229EC9 /* light_cube.vs */ = {isa = PBXFileReference; lastKnownFileType = sourcecode.glsl; path = light_cube.vs; sourceTree = "<group>"; };
		5829B7032BAB31C900229EC9 /* light_cube.fs */ = {isa = PBXFileReference; lastKnownFileType = sourcecode.glsl; path = light_cube.fs; sourceTree = "<group>"; };
		5829B7042BAB327000229EC9 /* texture_instructions */ = {isa = PBXFileReference; lastKnownFileType = text; path = texture_instructions; sourceTree = "<group>"; };
		5829B74D2BC681CB00229EC9 /* flecs.h */ = {isa = PBXFileReference; fileEncoding = 4; lastKnownFileType = sourcecode.c.h; path = flecs.h; sourceTree = "<group>"; };
		5829B74E2BC681CB00229EC9 /* flecs.c */ = {isa = PBXFileReference; fileEncoding = 4; lastKnownFileType = sourcecode.c.c; path = flecs.c; sourceTree = "<group>"; };
		5829B7582BC6DAB300229EC9 /* component.hpp */ = {isa = PBXFileReference; lastKnownFileType = sourcecode.cpp.h; path = component.hpp; sourceTree = "<group>"; };
		5829B7672BC6E7A500229EC9 /* camera.hpp */ = {isa = PBXFileReference; lastKnownFileType = sourcecode.cpp.h; path = camera.hpp; sourceTree = "<group>"; };
		5829B76D2BCF9CC600229EC9 /* window.hpp */ = {isa = PBXFileReference; lastKnownFileType = sourcecode.cpp.h; path = window.hpp; sourceTree = "<group>"; };
		5829B7702BD1320800229EC9 /* cube.hpp */ = {isa = PBXFileReference; lastKnownFileType = sourcecode.cpp.h; path = cube.hpp; sourceTree = "<group>"; };
		5829B7762BD200E200229EC9 /* entity.hpp */ = {isa = PBXFileReference; lastKnownFileType = sourcecode.cpp.h; path = entity.hpp; sourceTree = "<group>"; };
		5829B7792BD2011300229EC9 /* gui.hpp */ = {isa = PBXFileReference; lastKnownFileType = sourcecode.cpp.h; path = gui.hpp; sourceTree = "<group>"; };
		5829B7942BD5B78E00229EC9 /* imgui_widgets.cpp */ = {isa = PBXFileReference; fileEncoding = 4; lastKnownFileType = sourcecode.cpp.cpp; path = imgui_widgets.cpp; sourceTree = "<group>"; };
		5829B7952BD5B78E00229EC9 /* LICENSE.txt */ = {isa = PBXFileReference; fileEncoding = 4; lastKnownFileType = text; path = LICENSE.txt; sourceTree = "<group>"; };
		5829B7962BD5B78E00229EC9 /* imgui.h */ = {isa = PBXFileReference; fileEncoding = 4; lastKnownFileType = sourcecode.c.h; path = imgui.h; sourceTree = "<group>"; };
		5829B7972BD5B78E00229EC9 /* imgui_impl_opengl3.cpp */ = {isa = PBXFileReference; fileEncoding = 4; lastKnownFileType = sourcecode.cpp.cpp; path = imgui_impl_opengl3.cpp; sourceTree = "<group>"; };
		5829B7982BD5B78E00229EC9 /* imstb_textedit.h */ = {isa = PBXFileReference; fileEncoding = 4; lastKnownFileType = sourcecode.c.h; path = imstb_textedit.h; sourceTree = "<group>"; };
		5829B7992BD5B78E00229EC9 /* imgui_internal.h */ = {isa = PBXFileReference; fileEncoding = 4; lastKnownFileType = sourcecode.c.h; path = imgui_internal.h; sourceTree = "<group>"; };
		5829B79A2BD5B78E00229EC9 /* imgui_tables.cpp */ = {isa = PBXFileReference; fileEncoding = 4; lastKnownFileType = sourcecode.cpp.cpp; path = imgui_tables.cpp; sourceTree = "<group>"; };
		5829B79B2BD5B78F00229EC9 /* imstb_rectpack.h */ = {isa = PBXFileReference; fileEncoding = 4; lastKnownFileType = sourcecode.c.h; path = imstb_rectpack.h; sourceTree = "<group>"; };
		5829B79C2BD5B78F00229EC9 /* imgui_impl_opengl3_loader.h */ = {isa = PBXFileReference; fileEncoding = 4; lastKnownFileType = sourcecode.c.h; path = imgui_impl_opengl3_loader.h; sourceTree = "<group>"; };
		5829B79D2BD5B78F00229EC9 /* imstb_truetype.h */ = {isa = PBXFileReference; fileEncoding = 4; lastKnownFileType = sourcecode.c.h; path = imstb_truetype.h; sourceTree = "<group>"; };
		5829B79E2BD5B78F00229EC9 /* imgui_impl_opengl3.h */ = {isa = PBXFileReference; fileEncoding = 4; lastKnownFileType = sourcecode.c.h; path = imgui_impl_opengl3.h; sourceTree = "<group>"; };
		5829B79F2BD5B78F00229EC9 /* imconfig.h */ = {isa = PBXFileReference; fileEncoding = 4; lastKnownFileType = sourcecode.c.h; path = imconfig.h; sourceTree = "<group>"; };
		5829B7A02BD5B78F00229EC9 /* imgui_draw.cpp */ = {isa = PBXFileReference; fileEncoding = 4; lastKnownFileType = sourcecode.cpp.cpp; path = imgui_draw.cpp; sourceTree = "<group>"; };
		5829B7A12BD5B78F00229EC9 /* imgui_demo.cpp */ = {isa = PBXFileReference; fileEncoding = 4; lastKnownFileType = sourcecode.cpp.cpp; path = imgui_demo.cpp; sourceTree = "<group>"; };
		5829B7A22BD5B78F00229EC9 /* imgui.cpp */ = {isa = PBXFileReference; fileEncoding = 4; lastKnownFileType = sourcecode.cpp.cpp; path = imgui.cpp; sourceTree = "<group>"; };
		5829B7A92BD5B80200229EC9 /* imgui_impl_glfw.h */ = {isa = PBXFileReference; fileEncoding = 4; lastKnownFileType = sourcecode.c.h; path = imgui_impl_glfw.h; sourceTree = "<group>"; };
		5829B7AB2BD5B86000229EC9 /* imgui_impl_glfw.cpp */ = {isa = PBXFileReference; fileEncoding = 4; lastKnownFileType = sourcecode.cpp.cpp; path = imgui_impl_glfw.cpp; sourceTree = "<group>"; };
		5829B7B32BD9AF3400229EC9 /* model_loading.vs */ = {isa = PBXFileReference; lastKnownFileType = sourcecode.glsl; path = model_loading.vs; sourceTree = "<group>"; };
		5829B7B42BD9AF5900229EC9 /* model_loading.fs */ = {isa = PBXFileReference; lastKnownFileType = sourcecode.glsl; path = model_loading.fs; sourceTree = "<group>"; };
		5829B7CA2BD9B0FC00229EC9 /* diffuse.jpg */ = {isa = PBXFileReference; lastKnownFileType = image.jpeg; path = diffuse.jpg; sourceTree = "<group>"; };
		5829B7CB2BD9B0FC00229EC9 /* roughness.jpg */ = {isa = PBXFileReference; lastKnownFileType = image.jpeg; path = roughness.jpg; sourceTree = "<group>"; };
		5829B7CC2BD9B0FC00229EC9 /* specular.jpg */ = {isa = PBXFileReference; lastKnownFileType = image.jpeg; path = specular.jpg; sourceTree = "<group>"; };
		5829B7CD2BD9B0FC00229EC9 /* backpack.mtl */ = {isa = PBXFileReference; fileEncoding = 4; lastKnownFileType = text; path = backpack.mtl; sourceTree = "<group>"; };
		5829B7CE2BD9B0FC00229EC9 /* normal.png */ = {isa = PBXFileReference; lastKnownFileType = image.png; path = normal.png; sourceTree = "<group>"; };
		5829B7CF2BD9B0FC00229EC9 /* source_attribution.txt */ = {isa = PBXFileReference; fileEncoding = 4; lastKnownFileType = text; path = source_attribution.txt; sourceTree = "<group>"; };
		5829B7D02BD9B0FC00229EC9 /* ao.jpg */ = {isa = PBXFileReference; lastKnownFileType = image.jpeg; path = ao.jpg; sourceTree = "<group>"; };
		5829B7D12BD9B0FC00229EC9 /* backpack.obj */ = {isa = PBXFileReference; fileEncoding = 4; lastKnownFileType = text; path = backpack.obj; sourceTree = "<group>"; };
		584B1A0D2BE7F5A600F044FB /* libglfw.3.4.dylib */ = {isa = PBXFileReference; lastKnownFileType = "compiled.mach-o.dylib"; name = libglfw.3.4.dylib; path = ../../../../../usr/local/Cellar/glfw/3.4/lib/libglfw.3.4.dylib; sourceTree = "<group>"; };
		584B1A0F2BE7F60900F044FB /* libGLEW.2.2.0.dylib */ = {isa = PBXFileReference; lastKnownFileType = "compiled.mach-o.dylib"; name = libGLEW.2.2.0.dylib; path = ../../../../../usr/local/Cellar/glew/2.2.0_1/lib/libGLEW.2.2.0.dylib; sourceTree = "<group>"; };
		589C5CEA2BE7ED7F009E2A2C /* render.hpp */ = {isa = PBXFileReference; lastKnownFileType = sourcecode.cpp.h; path = render.hpp; sourceTree = "<group>"; };
		58BB6C9B2BE802600019D746 /* world.hpp */ = {isa = PBXFileReference; lastKnownFileType = sourcecode.cpp.h; path = world.hpp; sourceTree = "<group>"; };
		58BB6CA62BE8510C0019D746 /* voxel.cpp */ = {isa = PBXFileReference; lastKnownFileType = sourcecode.cpp.cpp; path = voxel.cpp; sourceTree = "<group>"; };
		58BB6CA72BE8510C0019D746 /* voxel.hpp */ = {isa = PBXFileReference; lastKnownFileType = sourcecode.cpp.h; path = voxel.hpp; sourceTree = "<group>"; };
		58BB6CA92BE86AF60019D746 /* vertex.vs */ = {isa = PBXFileReference; lastKnownFileType = sourcecode.glsl; path = vertex.vs; sourceTree = "<group>"; };
		58BB6CAA2BE86B1B0019D746 /* fragment.fs */ = {isa = PBXFileReference; lastKnownFileType = sourcecode.glsl; path = fragment.fs; sourceTree = "<group>"; };
		58BB6CAF2BE86C310019D746 /* texture.hpp */ = {isa = PBXFileReference; lastKnownFileType = sourcecode.cpp.h; path = texture.hpp; sourceTree = "<group>"; };
		58BB6CB22BE87B2C0019D746 /* perlin_noise.hpp */ = {isa = PBXFileReference; lastKnownFileType = sourcecode.cpp.h; path = perlin_noise.hpp; sourceTree = "<group>"; };
		58BB6CB52BE9BEC70019D746 /* ge_light_test.png */ = {isa = PBXFileReference; lastKnownFileType = image.png; path = ge_light_test.png; sourceTree = "<group>"; };
		58BB6CB62BE9BEC80019D746 /* perlin_noise_chunk_generation.png */ = {isa = PBXFileReference; lastKnownFileType = image.png; path = perlin_noise_chunk_generation.png; sourceTree = "<group>"; };
		58BB6CB72BE9BFD20019D746 /* README.md */ = {isa = PBXFileReference; fileEncoding = 4; lastKnownFileType = net.daringfireball.markdown; path = README.md; sourceTree = "<group>"; };
		58BB6CB82BE9C06A0019D746 /* shadowVertex.vs */ = {isa = PBXFileReference; lastKnownFileType = sourcecode.glsl; path = shadowVertex.vs; sourceTree = "<group>"; };
		58BB6CB92BE9C0780019D746 /* shadowFragment.fs */ = {isa = PBXFileReference; lastKnownFileType = sourcecode.glsl; path = shadowFragment.fs; sourceTree = "<group>"; };
		58BB6CBA2BE9C16A0019D746 /* atlas.png */ = {isa = PBXFileReference; lastKnownFileType = image.png; path = atlas.png; sourceTree = "<group>"; };
		58BB6CBF2BF180610019D746 /* FastNoiseLite.hpp */ = {isa = PBXFileReference; lastKnownFileType = sourcecode.cpp.h; path = FastNoiseLite.hpp; sourceTree = "<group>"; };
		58BB6CC42BF186560019D746 /* chunk.cpp */ = {isa = PBXFileReference; lastKnownFileType = sourcecode.cpp.cpp; path = chunk.cpp; sourceTree = "<group>"; };
		58BB6CC52BF186560019D746 /* chunk.hpp */ = {isa = PBXFileReference; lastKnownFileType = sourcecode.cpp.h; path = chunk.hpp; sourceTree = "<group>"; };
		58BB6CC72BF1870E0019D746 /* octree.cpp */ = {isa = PBXFileReference; lastKnownFileType = sourcecode.cpp.cpp; path = octree.cpp; sourceTree = "<group>"; };
		58BB6CC82BF1870E0019D746 /* octree.hpp */ = {isa = PBXFileReference; lastKnownFileType = sourcecode.cpp.h; path = octree.hpp; sourceTree = "<group>"; };
		58BB6CCB2BF18F950019D746 /* color.h */ = {isa = PBXFileReference; lastKnownFileType = sourcecode.c.h; path = color.h; sourceTree = "<group>"; };
		58BB6CCC2BF190F30019D746 /* world.cpp */ = {isa = PBXFileReference; lastKnownFileType = sourcecode.cpp.cpp; path = world.cpp; sourceTree = "<group>"; };
		58BB6CCD2BF190F30019D746 /* world.hpp */ = {isa = PBXFileReference; lastKnownFileType = sourcecode.cpp.h; path = world.hpp; sourceTree = "<group>"; };
		58BB6CD22BF192260019D746 /* terrain.cpp */ = {isa = PBXFileReference; lastKnownFileType = sourcecode.cpp.cpp; path = terrain.cpp; sourceTree = "<group>"; };
		58BB6CD32BF192260019D746 /* terrain.hpp */ = {isa = PBXFileReference; lastKnownFileType = sourcecode.cpp.h; path = terrain.hpp; sourceTree = "<group>"; };
		58BB6CD52BF193080019D746 /* ease.h */ = {isa = PBXFileReference; lastKnownFileType = sourcecode.c.h; path = ease.h; sourceTree = "<group>"; };
		58BB6CD92BF196250019D746 /* view.cpp */ = {isa = PBXFileReference; lastKnownFileType = sourcecode.cpp.cpp; path = view.cpp; sourceTree = "<group>"; };
		58BB6CDA2BF196250019D746 /* view.hpp */ = {isa = PBXFileReference; lastKnownFileType = sourcecode.cpp.h; path = view.hpp; sourceTree = "<group>"; };
		58BB6CDE2BF197340019D746 /* colorPick.vs */ = {isa = PBXFileReference; lastKnownFileType = sourcecode.glsl; path = colorPick.vs; sourceTree = "<group>"; };
		58BB6CDF2BF197580019D746 /* colorPick.fs */ = {isa = PBXFileReference; lastKnownFileType = sourcecode.glsl; path = colorPick.fs; sourceTree = "<group>"; };
		58BB6CE02BF199590019D746 /* model.cpp */ = {isa = PBXFileReference; lastKnownFileType = sourcecode.cpp.cpp; path = model.cpp; sourceTree = "<group>"; };
		58BB6CE12BF199590019D746 /* model.hpp */ = {isa = PBXFileReference; lastKnownFileType = sourcecode.cpp.h; path = model.hpp; sourceTree = "<group>"; };
		58BB6CE32BF19D090019D746 /* billboard.cpp */ = {isa = PBXFileReference; lastKnownFileType = sourcecode.cpp.cpp; path = billboard.cpp; sourceTree = "<group>"; };
		58BB6CE42BF19D090019D746 /* billboard.hpp */ = {isa = PBXFileReference; lastKnownFileType = sourcecode.cpp.h; path = billboard.hpp; sourceTree = "<group>"; };
		58BB6CEB2BF1BADE0019D746 /* main.h */ = {isa = PBXFileReference; lastKnownFileType = sourcecode.c.h; path = main.h; sourceTree = "<group>"; };
		58BB6CEC2BF440460019D746 /* shader.cpp */ = {isa = PBXFileReference; lastKnownFileType = sourcecode.cpp.cpp; path = shader.cpp; sourceTree = "<group>"; };
		58BB6CED2BF440460019D746 /* shader.hpp */ = {isa = PBXFileReference; lastKnownFileType = sourcecode.cpp.h; path = shader.hpp; sourceTree = "<group>"; };
		58FFF6642BF4688700FD39D9 /* libnoise2 */ = {isa = PBXFileReference; lastKnownFileType = folder; path = libnoise2; sourceTree = "<group>"; };
		58FFF6682BF5B50700FD39D9 /* glew */ = {isa = PBXFileReference; lastKnownFileType = folder; name = glew; path = ../../../../../usr/local/Cellar/glew; sourceTree = "<group>"; };
		58FFF66A2BF5B51900FD39D9 /* lib */ = {isa = PBXFileReference; lastKnownFileType = folder; name = lib; path = ../../../../../usr/local/Cellar/glew/2.2.0_1/lib; sourceTree = "<group>"; };
		58FFF66C2BF5B52D00FD39D9 /* libGLEW.dylib */ = {isa = PBXFileReference; lastKnownFileType = "compiled.mach-o.dylib"; name = libGLEW.dylib; path = ../../../../../usr/local/Cellar/glew/2.2.0_1/lib/libGLEW.dylib; sourceTree = "<group>"; };
		58FFF6722BF649F900FD39D9 /* libGLEW.2.2.dylib */ = {isa = PBXFileReference; lastKnownFileType = "compiled.mach-o.dylib"; name = libGLEW.2.2.dylib; path = ../../../../../usr/local/lib/libGLEW.2.2.dylib; sourceTree = "<group>"; };
		58FFF6782BF64C4200FD39D9 /* libGLEW.2.1.0.dylib */ = {isa = PBXFileReference; lastKnownFileType = "compiled.mach-o.dylib"; name = libGLEW.2.1.0.dylib; path = ../../../../../usr/local/lib/libGLEW.2.1.0.dylib; sourceTree = "<group>"; };
		58FFF67A2BF64D4600FD39D9 /* libboost_serialization.a */ = {isa = PBXFileReference; lastKnownFileType = archive.ar; name = libboost_serialization.a; path = ../../../../../usr/local/Cellar/boost/1.85.0/lib/libboost_serialization.a; sourceTree = "<group>"; };
		58FFF67C2BF64D6800FD39D9 /* libboost_filesystem.a */ = {isa = PBXFileReference; lastKnownFileType = archive.ar; name = libboost_filesystem.a; path = ../../../../../usr/local/Cellar/boost/1.85.0/lib/libboost_filesystem.a; sourceTree = "<group>"; };
		58FFF6822BF7E6C000FD39D9 /* picker.cpp */ = {isa = PBXFileReference; lastKnownFileType = sourcecode.cpp.cpp; path = picker.cpp; sourceTree = "<group>"; };
		58FFF6832BF7E6C000FD39D9 /* picker.hpp */ = {isa = PBXFileReference; lastKnownFileType = sourcecode.cpp.h; path = picker.hpp; sourceTree = "<group>"; };
		58FFF6852BF7E7D900FD39D9 /* plant.cpp */ = {isa = PBXFileReference; lastKnownFileType = sourcecode.cpp.cpp; path = plant.cpp; sourceTree = "<group>"; };
		58FFF6862BF7E7D900FD39D9 /* plant.hpp */ = {isa = PBXFileReference; lastKnownFileType = sourcecode.cpp.h; path = plant.hpp; sourceTree = "<group>"; };
		58FFF6892BF7E7E500FD39D9 /* drop.cpp */ = {isa = PBXFileReference; lastKnownFileType = sourcecode.cpp.cpp; path = drop.cpp; sourceTree = "<group>"; };
		58FFF68A2BF7E7E500FD39D9 /* drop.hpp */ = {isa = PBXFileReference; lastKnownFileType = sourcecode.cpp.h; path = drop.hpp; sourceTree = "<group>"; };
/* End PBXFileReference section */

/* Begin PBXFrameworksBuildPhase section */
		58232BB22B9725BE0030E891 /* Frameworks */ = {
			isa = PBXFrameworksBuildPhase;
			buildActionMask = 2147483647;
			files = (
				58FFF67D2BF64D6800FD39D9 /* libboost_filesystem.a in Frameworks */,
				58FFF67B2BF64D4600FD39D9 /* libboost_serialization.a in Frameworks */,
				58FFF6792BF64C4200FD39D9 /* libGLEW.2.1.0.dylib in Frameworks */,
				584B1A0E2BE7F5A600F044FB /* libglfw.3.4.dylib in Frameworks */,
				58232BCE2B972B870030E891 /* OpenGL.framework in Frameworks */,
			);
			runOnlyForDeploymentPostprocessing = 0;
		};
/* End PBXFrameworksBuildPhase section */

/* Begin PBXGroup section */
		58232BAC2B9725BE0030E891 = {
			isa = PBXGroup;
			children = (
				58BB6CB72BE9BFD20019D746 /* README.md */,
				58232BB72B9725BE0030E891 /* game_engine */,
				58232BB62B9725BE0030E891 /* Products */,
				58232BBF2B9726230030E891 /* Frameworks */,
			);
			sourceTree = "<group>";
		};
		58232BB62B9725BE0030E891 /* Products */ = {
			isa = PBXGroup;
			children = (
				58232BB52B9725BE0030E891 /* game_engine */,
			);
			name = Products;
			sourceTree = "<group>";
		};
		58232BB72B9725BE0030E891 /* game_engine */ = {
			isa = PBXGroup;
			children = (
				58FFF6632BF4685A00FD39D9 /* deps */,
				58BB6CCA2BF18F800019D746 /* helpers */,
				58BB6CB42BE9BE9D0019D746 /* photos */,
				58BB6CD82BF1960D0019D746 /* render */,
				58BB6C9D2BE84F520019D746 /* map */,
				5829B7B52BD9B02D00229EC9 /* assets */,
				5829B7932BD5B71A00229EC9 /* gui */,
				5829B74C2BC680FC00229EC9 /* ecs */,
				5829B6FD2BA9FAEA00229EC9 /* camera */,
				5829B6F52BA5ADF100229EC9 /* texture */,
				5829B6ED2B9E171200229EC9 /* shader */,
				5829B6EA2B9E135A00229EC9 /* glad.c */,
				58232BD22B972C1B0030E891 /* game_engine.entitlements */,
				58232BB82B9725BE0030E891 /* main.cpp */,
				58BB6CEB2BF1BADE0019D746 /* main.h */,
			);
			path = game_engine;
			sourceTree = "<group>";
		};
		58232BBF2B9726230030E891 /* Frameworks */ = {
			isa = PBXGroup;
			children = (
				58FFF67C2BF64D6800FD39D9 /* libboost_filesystem.a */,
				58FFF67A2BF64D4600FD39D9 /* libboost_serialization.a */,
				58FFF6782BF64C4200FD39D9 /* libGLEW.2.1.0.dylib */,
				58FFF6722BF649F900FD39D9 /* libGLEW.2.2.dylib */,
				58FFF66C2BF5B52D00FD39D9 /* libGLEW.dylib */,
				58FFF66A2BF5B51900FD39D9 /* lib */,
				58FFF6682BF5B50700FD39D9 /* glew */,
				584B1A0F2BE7F60900F044FB /* libGLEW.2.2.0.dylib */,
				584B1A0D2BE7F5A600F044FB /* libglfw.3.4.dylib */,
				58232BC02B9726230030E891 /* OpenGL.framework */,
			);
			name = Frameworks;
			sourceTree = "<group>";
		};
		5829B6ED2B9E171200229EC9 /* shader */ = {
			isa = PBXGroup;
			children = (
				5829B6F02B9E177700229EC9 /* shader.hpp */,
				5829B6F22B9E189C00229EC9 /* shader.vs */,
				5829B6F32B9E18CC00229EC9 /* shader.fs */,
				5829B6FF2BAB314B00229EC9 /* basic_lighting.vs */,
				5829B7012BAB315E00229EC9 /* basic_lighting.fs */,
				5829B7022BAB31B600229EC9 /* light_cube.vs */,
				5829B7032BAB31C900229EC9 /* light_cube.fs */,
				5829B7B32BD9AF3400229EC9 /* model_loading.vs */,
				5829B7B42BD9AF5900229EC9 /* model_loading.fs */,
				58BB6CA92BE86AF60019D746 /* vertex.vs */,
				58BB6CAA2BE86B1B0019D746 /* fragment.fs */,
				58BB6CB82BE9C06A0019D746 /* shadowVertex.vs */,
				58BB6CB92BE9C0780019D746 /* shadowFragment.fs */,
			);
			path = shader;
			sourceTree = "<group>";
		};
		5829B6F52BA5ADF100229EC9 /* texture */ = {
			isa = PBXGroup;
			children = (
				5829B6F62BA5AE0500229EC9 /* container.jpg */,
				5829B6F72BA5AE0500229EC9 /* stb_image.h */,
				5829B6FB2BA9F40600229EC9 /* stb_image.cpp */,
				5829B7042BAB327000229EC9 /* texture_instructions */,
				58BB6CAF2BE86C310019D746 /* texture.hpp */,
			);
			path = texture;
			sourceTree = "<group>";
		};
		5829B6FD2BA9FAEA00229EC9 /* camera */ = {
			isa = PBXGroup;
			children = (
				5829B6FE2BA9FB0700229EC9 /* camera.hpp */,
			);
			path = camera;
			sourceTree = "<group>";
		};
		5829B74C2BC680FC00229EC9 /* ecs */ = {
			isa = PBXGroup;
			children = (
				5829B7522BC6831C00229EC9 /* system */,
				5829B7512BC6831600229EC9 /* component */,
				5829B7502BC6830D00229EC9 /* entity */,
				5829B74E2BC681CB00229EC9 /* flecs.c */,
				5829B74D2BC681CB00229EC9 /* flecs.h */,
			);
			path = ecs;
			sourceTree = "<group>";
		};
		5829B7502BC6830D00229EC9 /* entity */ = {
			isa = PBXGroup;
			children = (
				5829B7672BC6E7A500229EC9 /* camera.hpp */,
				5829B76D2BCF9CC600229EC9 /* window.hpp */,
				5829B7702BD1320800229EC9 /* cube.hpp */,
				5829B7762BD200E200229EC9 /* entity.hpp */,
				5829B7792BD2011300229EC9 /* gui.hpp */,
				589C5CEA2BE7ED7F009E2A2C /* render.hpp */,
				58BB6C9B2BE802600019D746 /* world.hpp */,
			);
			path = entity;
			sourceTree = "<group>";
		};
		5829B7512BC6831600229EC9 /* component */ = {
			isa = PBXGroup;
			children = (
				5829B7582BC6DAB300229EC9 /* component.hpp */,
			);
			path = component;
			sourceTree = "<group>";
		};
		5829B7522BC6831C00229EC9 /* system */ = {
			isa = PBXGroup;
			children = (
			);
			path = system;
			sourceTree = "<group>";
		};
		5829B7932BD5B71A00229EC9 /* gui */ = {
			isa = PBXGroup;
			children = (
				58A4C3B42BE6FD2E001C8EB8 /* imgui */,
			);
			path = gui;
			sourceTree = "<group>";
		};
		5829B7B52BD9B02D00229EC9 /* assets */ = {
			isa = PBXGroup;
			children = (
				58BB6CBA2BE9C16A0019D746 /* atlas.png */,
				5829B7C92BD9B0E300229EC9 /* backpack */,
			);
			path = assets;
			sourceTree = "<group>";
		};
		5829B7C92BD9B0E300229EC9 /* backpack */ = {
			isa = PBXGroup;
			children = (
				5829B7D02BD9B0FC00229EC9 /* ao.jpg */,
				5829B7CD2BD9B0FC00229EC9 /* backpack.mtl */,
				5829B7D12BD9B0FC00229EC9 /* backpack.obj */,
				5829B7CA2BD9B0FC00229EC9 /* diffuse.jpg */,
				5829B7CE2BD9B0FC00229EC9 /* normal.png */,
				5829B7CB2BD9B0FC00229EC9 /* roughness.jpg */,
				5829B7CF2BD9B0FC00229EC9 /* source_attribution.txt */,
				5829B7CC2BD9B0FC00229EC9 /* specular.jpg */,
			);
			path = backpack;
			sourceTree = "<group>";
		};
		58A4C3B42BE6FD2E001C8EB8 /* imgui */ = {
			isa = PBXGroup;
			children = (
				5829B79C2BD5B78F00229EC9 /* imgui_impl_opengl3_loader.h */,
				5829B7972BD5B78E00229EC9 /* imgui_impl_opengl3.cpp */,
				5829B79E2BD5B78F00229EC9 /* imgui_impl_opengl3.h */,
				5829B7992BD5B78E00229EC9 /* imgui_internal.h */,
				5829B79A2BD5B78E00229EC9 /* imgui_tables.cpp */,
				5829B7942BD5B78E00229EC9 /* imgui_widgets.cpp */,
				5829B7A22BD5B78F00229EC9 /* imgui.cpp */,
				5829B7962BD5B78E00229EC9 /* imgui.h */,
				5829B79B2BD5B78F00229EC9 /* imstb_rectpack.h */,
				5829B7982BD5B78E00229EC9 /* imstb_textedit.h */,
				5829B79D2BD5B78F00229EC9 /* imstb_truetype.h */,
				5829B7952BD5B78E00229EC9 /* LICENSE.txt */,
				5829B7A02BD5B78F00229EC9 /* imgui_draw.cpp */,
				5829B7A12BD5B78F00229EC9 /* imgui_demo.cpp */,
				5829B79F2BD5B78F00229EC9 /* imconfig.h */,
				5829B7A92BD5B80200229EC9 /* imgui_impl_glfw.h */,
				5829B7AB2BD5B86000229EC9 /* imgui_impl_glfw.cpp */,
			);
			path = imgui;
			sourceTree = "<group>";
		};
		58BB6C9D2BE84F520019D746 /* map */ = {
			isa = PBXGroup;
			children = (
				58BB6CB22BE87B2C0019D746 /* perlin_noise.hpp */,
				58BB6CBF2BF180610019D746 /* FastNoiseLite.hpp */,
				58BB6CA22BE850360019D746 /* include */,
				58BB6CA12BE8502B0019D746 /* src */,
			);
			path = map;
			sourceTree = "<group>";
		};
		58BB6CA12BE8502B0019D746 /* src */ = {
			isa = PBXGroup;
			children = (
				58FFF6892BF7E7E500FD39D9 /* drop.cpp */,
				58FFF6852BF7E7D900FD39D9 /* plant.cpp */,
				58BB6CD22BF192260019D746 /* terrain.cpp */,
				58BB6CCC2BF190F30019D746 /* world.cpp */,
				58BB6CC72BF1870E0019D746 /* octree.cpp */,
				58BB6CC42BF186560019D746 /* chunk.cpp */,
				58BB6CA62BE8510C0019D746 /* voxel.cpp */,
			);
			path = src;
			sourceTree = "<group>";
		};
		58BB6CA22BE850360019D746 /* include */ = {
			isa = PBXGroup;
			children = (
				58FFF68A2BF7E7E500FD39D9 /* drop.hpp */,
				58FFF6862BF7E7D900FD39D9 /* plant.hpp */,
				58BB6CD32BF192260019D746 /* terrain.hpp */,
				58BB6CCD2BF190F30019D746 /* world.hpp */,
				58BB6CC82BF1870E0019D746 /* octree.hpp */,
				58BB6CC52BF186560019D746 /* chunk.hpp */,
				58BB6CA72BE8510C0019D746 /* voxel.hpp */,
			);
			path = include;
			sourceTree = "<group>";
		};
		58BB6CB42BE9BE9D0019D746 /* photos */ = {
			isa = PBXGroup;
			children = (
				58BB6CB52BE9BEC70019D746 /* ge_light_test.png */,
				58BB6CB62BE9BEC80019D746 /* perlin_noise_chunk_generation.png */,
			);
			path = photos;
			sourceTree = "<group>";
		};
		58BB6CCA2BF18F800019D746 /* helpers */ = {
			isa = PBXGroup;
			children = (
				58BB6CCB2BF18F950019D746 /* color.h */,
				58BB6CD52BF193080019D746 /* ease.h */,
			);
			path = helpers;
			sourceTree = "<group>";
		};
		58BB6CD82BF1960D0019D746 /* render */ = {
			isa = PBXGroup;
			children = (
				58BB6CDC2BF196CF0019D746 /* shaders */,
				58BB6CEA2BF1B4990019D746 /* include */,
				58BB6CE92BF1B4940019D746 /* src */,
			);
			path = render;
			sourceTree = "<group>";
		};
		58BB6CDC2BF196CF0019D746 /* shaders */ = {
			isa = PBXGroup;
			children = (
				58BB6CDD2BF197240019D746 /* pick */,
			);
			path = shaders;
			sourceTree = "<group>";
		};
		58BB6CDD2BF197240019D746 /* pick */ = {
			isa = PBXGroup;
			children = (
				58BB6CDE2BF197340019D746 /* colorPick.vs */,
				58BB6CDF2BF197580019D746 /* colorPick.fs */,
			);
			path = pick;
			sourceTree = "<group>";
		};
		58BB6CE92BF1B4940019D746 /* src */ = {
			isa = PBXGroup;
			children = (
				58FFF6822BF7E6C000FD39D9 /* picker.cpp */,
				58BB6CEC2BF440460019D746 /* shader.cpp */,
				58BB6CD92BF196250019D746 /* view.cpp */,
				58BB6CE02BF199590019D746 /* model.cpp */,
				58BB6CE32BF19D090019D746 /* billboard.cpp */,
			);
			path = src;
			sourceTree = "<group>";
		};
		58BB6CEA2BF1B4990019D746 /* include */ = {
			isa = PBXGroup;
			children = (
				58FFF6832BF7E6C000FD39D9 /* picker.hpp */,
				58BB6CED2BF440460019D746 /* shader.hpp */,
				58BB6CDA2BF196250019D746 /* view.hpp */,
				58BB6CE12BF199590019D746 /* model.hpp */,
				58BB6CE42BF19D090019D746 /* billboard.hpp */,
			);
			path = include;
			sourceTree = "<group>";
		};
		58FFF6632BF4685A00FD39D9 /* deps */ = {
			isa = PBXGroup;
			children = (
				58FFF6642BF4688700FD39D9 /* libnoise2 */,
			);
			path = deps;
			sourceTree = "<group>";
		};
/* End PBXGroup section */

/* Begin PBXNativeTarget section */
		58232BB42B9725BE0030E891 /* game_engine */ = {
			isa = PBXNativeTarget;
			buildConfigurationList = 58232BBC2B9725BE0030E891 /* Build configuration list for PBXNativeTarget "game_engine" */;
			buildPhases = (
				58232BB12B9725BE0030E891 /* Sources */,
				58232BB22B9725BE0030E891 /* Frameworks */,
				58232BB32B9725BE0030E891 /* CopyFiles */,
				58232BD42B972C450030E891 /* Embed Libraries */,
			);
			buildRules = (
			);
			dependencies = (
			);
			name = game_engine;
			productName = game_engine;
			productReference = 58232BB52B9725BE0030E891 /* game_engine */;
			productType = "com.apple.product-type.tool";
		};
/* End PBXNativeTarget section */

/* Begin PBXProject section */
		58232BAD2B9725BE0030E891 /* Project object */ = {
			isa = PBXProject;
			attributes = {
				BuildIndependentTargetsInParallel = 1;
				LastUpgradeCheck = 1510;
				TargetAttributes = {
					58232BB42B9725BE0030E891 = {
						CreatedOnToolsVersion = 15.1;
					};
				};
			};
			buildConfigurationList = 58232BB02B9725BE0030E891 /* Build configuration list for PBXProject "game_engine" */;
			compatibilityVersion = "Xcode 14.0";
			developmentRegion = en;
			hasScannedForEncodings = 0;
			knownRegions = (
				en,
				Base,
			);
			mainGroup = 58232BAC2B9725BE0030E891;
			productRefGroup = 58232BB62B9725BE0030E891 /* Products */;
			projectDirPath = "";
			projectRoot = "";
			targets = (
				58232BB42B9725BE0030E891 /* game_engine */,
			);
		};
/* End PBXProject section */

/* Begin PBXSourcesBuildPhase section */
		58232BB12B9725BE0030E891 /* Sources */ = {
			isa = PBXSourcesBuildPhase;
			buildActionMask = 2147483647;
			files = (
				58FFF67E2BF7245300FD39D9 /* color.h in Sources */,
				58FFF67F2BF7245300FD39D9 /* ease.h in Sources */,
				58FFF68B2BF7E7E500FD39D9 /* drop.cpp in Sources */,
				5829B7AA2BD5B83400229EC9 /* imgui_impl_glfw.h in Sources */,
				58BB6CC92BF1870E0019D746 /* octree.cpp in Sources */,
				5829B6FA2BA9F37300229EC9 /* stb_image.h in Sources */,
				58FFF6842BF7E6C000FD39D9 /* picker.cpp in Sources */,
				5829B7A32BD5B78F00229EC9 /* imgui_widgets.cpp in Sources */,
				58BB6CEE2BF440460019D746 /* shader.cpp in Sources */,
				5829B6FC2BA9F40600229EC9 /* stb_image.cpp in Sources */,
				5829B7A62BD5B78F00229EC9 /* imgui_draw.cpp in Sources */,
				5829B7A42BD5B78F00229EC9 /* imgui_impl_opengl3.cpp in Sources */,
				5829B7A82BD5B78F00229EC9 /* imgui.cpp in Sources */,
				58232BB92B9725BE0030E891 /* main.cpp in Sources */,
				58BB6CA82BE8510C0019D746 /* voxel.cpp in Sources */,
				58BB6CDB2BF196250019D746 /* view.cpp in Sources */,
				5829B7AC2BD5B86000229EC9 /* imgui_impl_glfw.cpp in Sources */,
				5829B74F2BC681CB00229EC9 /* flecs.c in Sources */,
				5829B7A52BD5B78F00229EC9 /* imgui_tables.cpp in Sources */,
				58BB6CC62BF186560019D746 /* chunk.cpp in Sources */,
				58BB6CCE2BF190F30019D746 /* world.cpp in Sources */,
				58BB6CE52BF19D090019D746 /* billboard.cpp in Sources */,
				58FFF6872BF7E7D900FD39D9 /* plant.cpp in Sources */,
				58BB6CE22BF199590019D746 /* model.cpp in Sources */,
				5829B7A72BD5B78F00229EC9 /* imgui_demo.cpp in Sources */,
				58BB6CD42BF192260019D746 /* terrain.cpp in Sources */,
				5829B6EB2B9E135A00229EC9 /* glad.c in Sources */,
			);
			runOnlyForDeploymentPostprocessing = 0;
		};
/* End PBXSourcesBuildPhase section */

/* Begin XCBuildConfiguration section */
		58232BBA2B9725BE0030E891 /* Debug */ = {
			isa = XCBuildConfiguration;
			buildSettings = {
				ALWAYS_SEARCH_USER_PATHS = NO;
				ASSETCATALOG_COMPILER_GENERATE_SWIFT_ASSET_SYMBOL_EXTENSIONS = YES;
				CLANG_ANALYZER_NONNULL = YES;
				CLANG_ANALYZER_NUMBER_OBJECT_CONVERSION = YES_AGGRESSIVE;
				CLANG_CXX_LANGUAGE_STANDARD = "gnu++20";
				CLANG_ENABLE_MODULES = YES;
				CLANG_ENABLE_OBJC_ARC = YES;
				CLANG_ENABLE_OBJC_WEAK = YES;
				CLANG_WARN_BLOCK_CAPTURE_AUTORELEASING = YES;
				CLANG_WARN_BOOL_CONVERSION = YES;
				CLANG_WARN_COMMA = YES;
				CLANG_WARN_CONSTANT_CONVERSION = YES;
				CLANG_WARN_DEPRECATED_OBJC_IMPLEMENTATIONS = YES;
				CLANG_WARN_DIRECT_OBJC_ISA_USAGE = YES_ERROR;
				CLANG_WARN_DOCUMENTATION_COMMENTS = YES;
				CLANG_WARN_EMPTY_BODY = YES;
				CLANG_WARN_ENUM_CONVERSION = YES;
				CLANG_WARN_INFINITE_RECURSION = YES;
				CLANG_WARN_INT_CONVERSION = YES;
				CLANG_WARN_NON_LITERAL_NULL_CONVERSION = YES;
				CLANG_WARN_OBJC_IMPLICIT_RETAIN_SELF = YES;
				CLANG_WARN_OBJC_LITERAL_CONVERSION = YES;
				CLANG_WARN_OBJC_ROOT_CLASS = YES_ERROR;
				CLANG_WARN_QUOTED_INCLUDE_IN_FRAMEWORK_HEADER = YES;
				CLANG_WARN_RANGE_LOOP_ANALYSIS = YES;
				CLANG_WARN_STRICT_PROTOTYPES = YES;
				CLANG_WARN_SUSPICIOUS_MOVE = YES;
				CLANG_WARN_UNGUARDED_AVAILABILITY = YES_AGGRESSIVE;
				CLANG_WARN_UNREACHABLE_CODE = YES;
				CLANG_WARN__DUPLICATE_METHOD_MATCH = YES;
				COPY_PHASE_STRIP = NO;
				DEBUG_INFORMATION_FORMAT = dwarf;
				ENABLE_STRICT_OBJC_MSGSEND = YES;
				ENABLE_TESTABILITY = YES;
				ENABLE_USER_SCRIPT_SANDBOXING = YES;
				GCC_C_LANGUAGE_STANDARD = gnu17;
				GCC_DYNAMIC_NO_PIC = NO;
				GCC_NO_COMMON_BLOCKS = YES;
				GCC_OPTIMIZATION_LEVEL = 0;
				GCC_PREPROCESSOR_DEFINITIONS = (
					"DEBUG=1",
					"$(inherited)",
				);
				GCC_WARN_64_TO_32_BIT_CONVERSION = YES;
				GCC_WARN_ABOUT_RETURN_TYPE = YES_ERROR;
				GCC_WARN_UNDECLARED_SELECTOR = YES;
				GCC_WARN_UNINITIALIZED_AUTOS = YES_AGGRESSIVE;
				GCC_WARN_UNUSED_FUNCTION = YES;
				GCC_WARN_UNUSED_VARIABLE = YES;
				LOCALIZATION_PREFERS_STRING_CATALOGS = YES;
				MACOSX_DEPLOYMENT_TARGET = 14.2;
				MTL_ENABLE_DEBUG_INFO = INCLUDE_SOURCE;
				MTL_FAST_MATH = YES;
				ONLY_ACTIVE_ARCH = YES;
				SDKROOT = macosx;
			};
			name = Debug;
		};
		58232BBB2B9725BE0030E891 /* Release */ = {
			isa = XCBuildConfiguration;
			buildSettings = {
				ALWAYS_SEARCH_USER_PATHS = NO;
				ASSETCATALOG_COMPILER_GENERATE_SWIFT_ASSET_SYMBOL_EXTENSIONS = YES;
				CLANG_ANALYZER_NONNULL = YES;
				CLANG_ANALYZER_NUMBER_OBJECT_CONVERSION = YES_AGGRESSIVE;
				CLANG_CXX_LANGUAGE_STANDARD = "gnu++20";
				CLANG_ENABLE_MODULES = YES;
				CLANG_ENABLE_OBJC_ARC = YES;
				CLANG_ENABLE_OBJC_WEAK = YES;
				CLANG_WARN_BLOCK_CAPTURE_AUTORELEASING = YES;
				CLANG_WARN_BOOL_CONVERSION = YES;
				CLANG_WARN_COMMA = YES;
				CLANG_WARN_CONSTANT_CONVERSION = YES;
				CLANG_WARN_DEPRECATED_OBJC_IMPLEMENTATIONS = YES;
				CLANG_WARN_DIRECT_OBJC_ISA_USAGE = YES_ERROR;
				CLANG_WARN_DOCUMENTATION_COMMENTS = YES;
				CLANG_WARN_EMPTY_BODY = YES;
				CLANG_WARN_ENUM_CONVERSION = YES;
				CLANG_WARN_INFINITE_RECURSION = YES;
				CLANG_WARN_INT_CONVERSION = YES;
				CLANG_WARN_NON_LITERAL_NULL_CONVERSION = YES;
				CLANG_WARN_OBJC_IMPLICIT_RETAIN_SELF = YES;
				CLANG_WARN_OBJC_LITERAL_CONVERSION = YES;
				CLANG_WARN_OBJC_ROOT_CLASS = YES_ERROR;
				CLANG_WARN_QUOTED_INCLUDE_IN_FRAMEWORK_HEADER = YES;
				CLANG_WARN_RANGE_LOOP_ANALYSIS = YES;
				CLANG_WARN_STRICT_PROTOTYPES = YES;
				CLANG_WARN_SUSPICIOUS_MOVE = YES;
				CLANG_WARN_UNGUARDED_AVAILABILITY = YES_AGGRESSIVE;
				CLANG_WARN_UNREACHABLE_CODE = YES;
				CLANG_WARN__DUPLICATE_METHOD_MATCH = YES;
				COPY_PHASE_STRIP = NO;
				DEBUG_INFORMATION_FORMAT = "dwarf-with-dsym";
				ENABLE_NS_ASSERTIONS = NO;
				ENABLE_STRICT_OBJC_MSGSEND = YES;
				ENABLE_USER_SCRIPT_SANDBOXING = YES;
				GCC_C_LANGUAGE_STANDARD = gnu17;
				GCC_NO_COMMON_BLOCKS = YES;
				GCC_WARN_64_TO_32_BIT_CONVERSION = YES;
				GCC_WARN_ABOUT_RETURN_TYPE = YES_ERROR;
				GCC_WARN_UNDECLARED_SELECTOR = YES;
				GCC_WARN_UNINITIALIZED_AUTOS = YES_AGGRESSIVE;
				GCC_WARN_UNUSED_FUNCTION = YES;
				GCC_WARN_UNUSED_VARIABLE = YES;
				LOCALIZATION_PREFERS_STRING_CATALOGS = YES;
				MACOSX_DEPLOYMENT_TARGET = 14.2;
				MTL_ENABLE_DEBUG_INFO = NO;
				MTL_FAST_MATH = YES;
				SDKROOT = macosx;
			};
			name = Release;
		};
		58232BBD2B9725BE0030E891 /* Debug */ = {
			isa = XCBuildConfiguration;
			buildSettings = {
				CODE_SIGN_ENTITLEMENTS = game_engine/game_engine.entitlements;
				CODE_SIGN_STYLE = Automatic;
				ENABLE_HARDENED_RUNTIME = YES;
				ENABLE_TESTABILITY = NO;
				FRAMEWORK_SEARCH_PATHS = (
					"/usr/loca/Cellar/**",
					"/usr/local/lib/**",
				);
				GCC_NO_COMMON_BLOCKS = NO;
				HEADER_SEARCH_PATHS = (
					/usr/local/include,
					"/usr/local/Cellar/**",
					"$(SRCROOT)/**",
					"$HOME/vcpkg/**",
				);
				LIBRARY_SEARCH_PATHS = (
					/usr/local/lib,
					"/usr/local/Cellar/**",
					/usr/local/Cellar/assimp/5.4.0/lib,
					/usr/local/Cellar/glfw/3.4/lib,
					"/usr/local/Cellar/glew/**",
					/usr/local/Cellar/glew/2.2.0_1/lib,
					/usr/local/Cellar/boost/1.85.0/lib,
				);
				OTHER_CODE_SIGN_FLAGS = "--deep";
				OTHER_LDFLAGS = (
					"-ld_classic",
					"-ld64",
					"-Wl",
				);
				PRODUCT_NAME = "$(TARGET_NAME)";
			};
			name = Debug;
		};
		58232BBE2B9725BE0030E891 /* Release */ = {
			isa = XCBuildConfiguration;
			buildSettings = {
				CODE_SIGN_ENTITLEMENTS = game_engine/game_engine.entitlements;
				CODE_SIGN_STYLE = Automatic;
				ENABLE_HARDENED_RUNTIME = YES;
				FRAMEWORK_SEARCH_PATHS = (
					"/usr/loca/Cellar/**",
					"/usr/local/lib/**",
				);
				GCC_NO_COMMON_BLOCKS = NO;
				HEADER_SEARCH_PATHS = (
					/usr/local/include,
					"/usr/local/Cellar/**",
					"$(SRCROOT)/**",
					"$HOME/vcpkg/**",
				);
				LIBRARY_SEARCH_PATHS = (
					/usr/local/lib,
					"/usr/local/Cellar/**",
					/usr/local/Cellar/assimp/5.4.0/lib,
					/usr/local/Cellar/glfw/3.4/lib,
					"/usr/local/Cellar/glew/**",
					/usr/local/Cellar/glew/2.2.0_1/lib,
					/usr/local/Cellar/boost/1.85.0/lib,
				);
				OTHER_CODE_SIGN_FLAGS = "--deep";
				OTHER_LDFLAGS = (
					"-ld_classic",
					"-ld64",
					"-Wl",
				);
				PRODUCT_NAME = "$(TARGET_NAME)";
			};
			name = Release;
		};
/* End XCBuildConfiguration section */

/* Begin XCConfigurationList section */
		58232BB02B9725BE0030E891 /* Build configuration list for PBXProject "game_engine" */ = {
			isa = XCConfigurationList;
			buildConfigurations = (
				58232BBA2B9725BE0030E891 /* Debug */,
				58232BBB2B9725BE0030E891 /* Release */,
			);
			defaultConfigurationIsVisible = 0;
			defaultConfigurationName = Release;
		};
		58232BBC2B9725BE0030E891 /* Build configuration list for PBXNativeTarget "game_engine" */ = {
			isa = XCConfigurationList;
			buildConfigurations = (
				58232BBD2B9725BE0030E891 /* Debug */,
				58232BBE2B9725BE0030E891 /* Release */,
			);
			defaultConfigurationIsVisible = 0;
			defaultConfigurationName = Release;
		};
/* End XCConfigurationList section */
	};
	rootObject = 58232BAD2B9725BE0030E891 /* Project object */;
}
